// !$*UTF8*$!
{
	archiveVersion = 1;
	classes = {
	};
	objectVersion = 50;
	objects = {

/* Begin PBXBuildFile section */
		84B8259A21C2DB9D007944D0 /* AppDelegate.swift in Sources */ = {isa = PBXBuildFile; fileRef = 84B8259921C2DB9D007944D0 /* AppDelegate.swift */; };
		84B8259C21C2DB9D007944D0 /* ViewController.swift in Sources */ = {isa = PBXBuildFile; fileRef = 84B8259B21C2DB9D007944D0 /* ViewController.swift */; };
		84B8259F21C2DB9D007944D0 /* Main.storyboard in Resources */ = {isa = PBXBuildFile; fileRef = 84B8259D21C2DB9D007944D0 /* Main.storyboard */; };
		84B825A221C2DB9D007944D0 /* SlideMenu.xcdatamodeld in Sources */ = {isa = PBXBuildFile; fileRef = 84B825A021C2DB9D007944D0 /* SlideMenu.xcdatamodeld */; };
		84B825A421C2DBA1007944D0 /* Assets.xcassets in Resources */ = {isa = PBXBuildFile; fileRef = 84B825A321C2DBA1007944D0 /* Assets.xcassets */; };
		84B825A721C2DBA1007944D0 /* LaunchScreen.storyboard in Resources */ = {isa = PBXBuildFile; fileRef = 84B825A521C2DBA1007944D0 /* LaunchScreen.storyboard */; };
		84B825B221C2DBA1007944D0 /* SlideMenuTests.swift in Sources */ = {isa = PBXBuildFile; fileRef = 84B825B121C2DBA1007944D0 /* SlideMenuTests.swift */; };
		84B825BD21C2DBA1007944D0 /* SlideMenuUITests.swift in Sources */ = {isa = PBXBuildFile; fileRef = 84B825BC21C2DBA1007944D0 /* SlideMenuUITests.swift */; };
/* End PBXBuildFile section */

/* Begin PBXContainerItemProxy section */
		84B825AE21C2DBA1007944D0 /* PBXContainerItemProxy */ = {
			isa = PBXContainerItemProxy;
			containerPortal = 84B8258E21C2DB9D007944D0 /* Project object */;
			proxyType = 1;
			remoteGlobalIDString = 84B8259521C2DB9D007944D0;
			remoteInfo = SlideMenu;
		};
		84B825B921C2DBA1007944D0 /* PBXContainerItemProxy */ = {
			isa = PBXContainerItemProxy;
			containerPortal = 84B8258E21C2DB9D007944D0 /* Project object */;
			proxyType = 1;
			remoteGlobalIDString = 84B8259521C2DB9D007944D0;
			remoteInfo = SlideMenu;
		};
/* End PBXContainerItemProxy section */

/* Begin PBXFileReference section */
		84B8259621C2DB9D007944D0 /* SlideMenu.app */ = {isa = PBXFileReference; explicitFileType = wrapper.application; includeInIndex = 0; path = SlideMenu.app; sourceTree = BUILT_PRODUCTS_DIR; };
		84B8259921C2DB9D007944D0 /* AppDelegate.swift */ = {isa = PBXFileReference; lastKnownFileType = sourcecode.swift; path = AppDelegate.swift; sourceTree = "<group>"; };
		84B8259B21C2DB9D007944D0 /* ViewController.swift */ = {isa = PBXFileReference; lastKnownFileType = sourcecode.swift; path = ViewController.swift; sourceTree = "<group>"; };
		84B8259E21C2DB9D007944D0 /* Base */ = {isa = PBXFileReference; lastKnownFileType = file.storyboard; name = Base; path = Base.lproj/Main.storyboard; sourceTree = "<group>"; };
		84B825A121C2DB9D007944D0 /* SlideMenu.xcdatamodel */ = {isa = PBXFileReference; lastKnownFileType = wrapper.xcdatamodel; path = SlideMenu.xcdatamodel; sourceTree = "<group>"; };
		84B825A321C2DBA1007944D0 /* Assets.xcassets */ = {isa = PBXFileReference; lastKnownFileType = folder.assetcatalog; path = Assets.xcassets; sourceTree = "<group>"; };
		84B825A621C2DBA1007944D0 /* Base */ = {isa = PBXFileReference; lastKnownFileType = file.storyboard; name = Base; path = Base.lproj/LaunchScreen.storyboard; sourceTree = "<group>"; };
		84B825A821C2DBA1007944D0 /* Info.plist */ = {isa = PBXFileReference; lastKnownFileType = text.plist.xml; path = Info.plist; sourceTree = "<group>"; };
		84B825AD21C2DBA1007944D0 /* SlideMenuTests.xctest */ = {isa = PBXFileReference; explicitFileType = wrapper.cfbundle; includeInIndex = 0; path = SlideMenuTests.xctest; sourceTree = BUILT_PRODUCTS_DIR; };
		84B825B121C2DBA1007944D0 /* SlideMenuTests.swift */ = {isa = PBXFileReference; lastKnownFileType = sourcecode.swift; path = SlideMenuTests.swift; sourceTree = "<group>"; };
		84B825B321C2DBA1007944D0 /* Info.plist */ = {isa = PBXFileReference; lastKnownFileType = text.plist.xml; path = Info.plist; sourceTree = "<group>"; };
		84B825B821C2DBA1007944D0 /* SlideMenuUITests.xctest */ = {isa = PBXFileReference; explicitFileType = wrapper.cfbundle; includeInIndex = 0; path = SlideMenuUITests.xctest; sourceTree = BUILT_PRODUCTS_DIR; };
		84B825BC21C2DBA1007944D0 /* SlideMenuUITests.swift */ = {isa = PBXFileReference; lastKnownFileType = sourcecode.swift; path = SlideMenuUITests.swift; sourceTree = "<group>"; };
		84B825BE21C2DBA1007944D0 /* Info.plist */ = {isa = PBXFileReference; lastKnownFileType = text.plist.xml; path = Info.plist; sourceTree = "<group>"; };
/* End PBXFileReference section */

/* Begin PBXFrameworksBuildPhase section */
		84B8259321C2DB9D007944D0 /* Frameworks */ = {
			isa = PBXFrameworksBuildPhase;
			buildActionMask = 2147483647;
			files = (
			);
			runOnlyForDeploymentPostprocessing = 0;
		};
		84B825AA21C2DBA1007944D0 /* Frameworks */ = {
			isa = PBXFrameworksBuildPhase;
			buildActionMask = 2147483647;
			files = (
			);
			runOnlyForDeploymentPostprocessing = 0;
		};
		84B825B521C2DBA1007944D0 /* Frameworks */ = {
			isa = PBXFrameworksBuildPhase;
			buildActionMask = 2147483647;
			files = (
			);
			runOnlyForDeploymentPostprocessing = 0;
		};
/* End PBXFrameworksBuildPhase section */

/* Begin PBXGroup section */
		84B8258D21C2DB9D007944D0 = {
			isa = PBXGroup;
			children = (
				84B8259821C2DB9D007944D0 /* SlideMenu */,
				84B825B021C2DBA1007944D0 /* SlideMenuTests */,
				84B825BB21C2DBA1007944D0 /* SlideMenuUITests */,
				84B8259721C2DB9D007944D0 /* Products */,
			);
			sourceTree = "<group>";
		};
		84B8259721C2DB9D007944D0 /* Products */ = {
			isa = PBXGroup;
			children = (
				84B8259621C2DB9D007944D0 /* SlideMenu.app */,
				84B825AD21C2DBA1007944D0 /* SlideMenuTests.xctest */,
				84B825B821C2DBA1007944D0 /* SlideMenuUITests.xctest */,
			);
			name = Products;
			sourceTree = "<group>";
		};
		84B8259821C2DB9D007944D0 /* SlideMenu */ = {
			isa = PBXGroup;
			children = (
				84B8259921C2DB9D007944D0 /* AppDelegate.swift */,
				84B8259B21C2DB9D007944D0 /* ViewController.swift */,
				84B8259D21C2DB9D007944D0 /* Main.storyboard */,
				84B825A321C2DBA1007944D0 /* Assets.xcassets */,
				84B825A521C2DBA1007944D0 /* LaunchScreen.storyboard */,
				84B825A821C2DBA1007944D0 /* Info.plist */,
				84B825A021C2DB9D007944D0 /* SlideMenu.xcdatamodeld */,
			);
			path = SlideMenu;
			sourceTree = "<group>";
		};
		84B825B021C2DBA1007944D0 /* SlideMenuTests */ = {
			isa = PBXGroup;
			children = (
				84B825B121C2DBA1007944D0 /* SlideMenuTests.swift */,
				84B825B321C2DBA1007944D0 /* Info.plist */,
			);
			path = SlideMenuTests;
			sourceTree = "<group>";
		};
		84B825BB21C2DBA1007944D0 /* SlideMenuUITests */ = {
			isa = PBXGroup;
			children = (
				84B825BC21C2DBA1007944D0 /* SlideMenuUITests.swift */,
				84B825BE21C2DBA1007944D0 /* Info.plist */,
			);
			path = SlideMenuUITests;
			sourceTree = "<group>";
		};
/* End PBXGroup section */

/* Begin PBXNativeTarget section */
		84B8259521C2DB9D007944D0 /* SlideMenu */ = {
			isa = PBXNativeTarget;
			buildConfigurationList = 84B825C121C2DBA1007944D0 /* Build configuration list for PBXNativeTarget "SlideMenu" */;
			buildPhases = (
				84B8259221C2DB9D007944D0 /* Sources */,
				84B8259321C2DB9D007944D0 /* Frameworks */,
				84B8259421C2DB9D007944D0 /* Resources */,
			);
			buildRules = (
			);
			dependencies = (
			);
			name = SlideMenu;
			productName = SlideMenu;
			productReference = 84B8259621C2DB9D007944D0 /* SlideMenu.app */;
			productType = "com.apple.product-type.application";
		};
		84B825AC21C2DBA1007944D0 /* SlideMenuTests */ = {
			isa = PBXNativeTarget;
			buildConfigurationList = 84B825C421C2DBA1007944D0 /* Build configuration list for PBXNativeTarget "SlideMenuTests" */;
			buildPhases = (
				84B825A921C2DBA1007944D0 /* Sources */,
				84B825AA21C2DBA1007944D0 /* Frameworks */,
				84B825AB21C2DBA1007944D0 /* Resources */,
			);
			buildRules = (
			);
			dependencies = (
				84B825AF21C2DBA1007944D0 /* PBXTargetDependency */,
			);
			name = SlideMenuTests;
			productName = SlideMenuTests;
			productReference = 84B825AD21C2DBA1007944D0 /* SlideMenuTests.xctest */;
			productType = "com.apple.product-type.bundle.unit-test";
		};
		84B825B721C2DBA1007944D0 /* SlideMenuUITests */ = {
			isa = PBXNativeTarget;
			buildConfigurationList = 84B825C721C2DBA1007944D0 /* Build configuration list for PBXNativeTarget "SlideMenuUITests" */;
			buildPhases = (
				84B825B421C2DBA1007944D0 /* Sources */,
				84B825B521C2DBA1007944D0 /* Frameworks */,
				84B825B621C2DBA1007944D0 /* Resources */,
			);
			buildRules = (
			);
			dependencies = (
				84B825BA21C2DBA1007944D0 /* PBXTargetDependency */,
			);
			name = SlideMenuUITests;
			productName = SlideMenuUITests;
			productReference = 84B825B821C2DBA1007944D0 /* SlideMenuUITests.xctest */;
			productType = "com.apple.product-type.bundle.ui-testing";
		};
/* End PBXNativeTarget section */

/* Begin PBXProject section */
		84B8258E21C2DB9D007944D0 /* Project object */ = {
			isa = PBXProject;
			attributes = {
				LastSwiftUpdateCheck = 1010;
				LastUpgradeCheck = 1010;
				ORGANIZATIONNAME = Travelogy;
				TargetAttributes = {
					84B8259521C2DB9D007944D0 = {
						CreatedOnToolsVersion = 10.1;
					};
					84B825AC21C2DBA1007944D0 = {
						CreatedOnToolsVersion = 10.1;
						TestTargetID = 84B8259521C2DB9D007944D0;
					};
					84B825B721C2DBA1007944D0 = {
						CreatedOnToolsVersion = 10.1;
						TestTargetID = 84B8259521C2DB9D007944D0;
					};
				};
			};
			buildConfigurationList = 84B8259121C2DB9D007944D0 /* Build configuration list for PBXProject "SlideMenu" */;
			compatibilityVersion = "Xcode 9.3";
			developmentRegion = en;
			hasScannedForEncodings = 0;
			knownRegions = (
				en,
				Base,
			);
			mainGroup = 84B8258D21C2DB9D007944D0;
			productRefGroup = 84B8259721C2DB9D007944D0 /* Products */;
			projectDirPath = "";
			projectRoot = "";
			targets = (
				84B8259521C2DB9D007944D0 /* SlideMenu */,
				84B825AC21C2DBA1007944D0 /* SlideMenuTests */,
				84B825B721C2DBA1007944D0 /* SlideMenuUITests */,
			);
		};
/* End PBXProject section */

/* Begin PBXResourcesBuildPhase section */
		84B8259421C2DB9D007944D0 /* Resources */ = {
			isa = PBXResourcesBuildPhase;
			buildActionMask = 2147483647;
			files = (
				84B825A721C2DBA1007944D0 /* LaunchScreen.storyboard in Resources */,
				84B825A421C2DBA1007944D0 /* Assets.xcassets in Resources */,
				84B8259F21C2DB9D007944D0 /* Main.storyboard in Resources */,
			);
			runOnlyForDeploymentPostprocessing = 0;
		};
		84B825AB21C2DBA1007944D0 /* Resources */ = {
			isa = PBXResourcesBuildPhase;
			buildActionMask = 2147483647;
			files = (
			);
			runOnlyForDeploymentPostprocessing = 0;
		};
		84B825B621C2DBA1007944D0 /* Resources */ = {
			isa = PBXResourcesBuildPhase;
			buildActionMask = 2147483647;
			files = (
			);
			runOnlyForDeploymentPostprocessing = 0;
		};
/* End PBXResourcesBuildPhase section */

/* Begin PBXSourcesBuildPhase section */
		84B8259221C2DB9D007944D0 /* Sources */ = {
			isa = PBXSourcesBuildPhase;
			buildActionMask = 2147483647;
			files = (
				84B8259C21C2DB9D007944D0 /* ViewController.swift in Sources */,
				84B8259A21C2DB9D007944D0 /* AppDelegate.swift in Sources */,
				84B825A221C2DB9D007944D0 /* SlideMenu.xcdatamodeld in Sources */,
			);
			runOnlyForDeploymentPostprocessing = 0;
		};
		84B825A921C2DBA1007944D0 /* Sources */ = {
			isa = PBXSourcesBuildPhase;
			buildActionMask = 2147483647;
			files = (
				84B825B221C2DBA1007944D0 /* SlideMenuTests.swift in Sources */,
			);
			runOnlyForDeploymentPostprocessing = 0;
		};
		84B825B421C2DBA1007944D0 /* Sources */ = {
			isa = PBXSourcesBuildPhase;
			buildActionMask = 2147483647;
			files = (
				84B825BD21C2DBA1007944D0 /* SlideMenuUITests.swift in Sources */,
			);
			runOnlyForDeploymentPostprocessing = 0;
		};
/* End PBXSourcesBuildPhase section */

/* Begin PBXTargetDependency section */
		84B825AF21C2DBA1007944D0 /* PBXTargetDependency */ = {
			isa = PBXTargetDependency;
			target = 84B8259521C2DB9D007944D0 /* SlideMenu */;
			targetProxy = 84B825AE21C2DBA1007944D0 /* PBXContainerItemProxy */;
		};
		84B825BA21C2DBA1007944D0 /* PBXTargetDependency */ = {
			isa = PBXTargetDependency;
			target = 84B8259521C2DB9D007944D0 /* SlideMenu */;
			targetProxy = 84B825B921C2DBA1007944D0 /* PBXContainerItemProxy */;
		};
/* End PBXTargetDependency section */

/* Begin PBXVariantGroup section */
		84B8259D21C2DB9D007944D0 /* Main.storyboard */ = {
			isa = PBXVariantGroup;
			children = (
				84B8259E21C2DB9D007944D0 /* Base */,
			);
			name = Main.storyboard;
			sourceTree = "<group>";
		};
		84B825A521C2DBA1007944D0 /* LaunchScreen.storyboard */ = {
			isa = PBXVariantGroup;
			children = (
				84B825A621C2DBA1007944D0 /* Base */,
			);
			name = LaunchScreen.storyboard;
			sourceTree = "<group>";
		};
/* End PBXVariantGroup section */

/* Begin XCBuildConfiguration section */
		84B825BF21C2DBA1007944D0 /* Debug */ = {
			isa = XCBuildConfiguration;
			buildSettings = {
				ALWAYS_SEARCH_USER_PATHS = NO;
				CLANG_ANALYZER_NONNULL = YES;
				CLANG_ANALYZER_NUMBER_OBJECT_CONVERSION = YES_AGGRESSIVE;
				CLANG_CXX_LANGUAGE_STANDARD = "gnu++14";
				CLANG_CXX_LIBRARY = "libc++";
				CLANG_ENABLE_MODULES = YES;
				CLANG_ENABLE_OBJC_ARC = YES;
				CLANG_ENABLE_OBJC_WEAK = YES;
				CLANG_WARN_BLOCK_CAPTURE_AUTORELEASING = YES;
				CLANG_WARN_BOOL_CONVERSION = YES;
				CLANG_WARN_COMMA = YES;
				CLANG_WARN_CONSTANT_CONVERSION = YES;
				CLANG_WARN_DEPRECATED_OBJC_IMPLEMENTATIONS = YES;
				CLANG_WARN_DIRECT_OBJC_ISA_USAGE = YES_ERROR;
				CLANG_WARN_DOCUMENTATION_COMMENTS = YES;
				CLANG_WARN_EMPTY_BODY = YES;
				CLANG_WARN_ENUM_CONVERSION = YES;
				CLANG_WARN_INFINITE_RECURSION = YES;
				CLANG_WARN_INT_CONVERSION = YES;
				CLANG_WARN_NON_LITERAL_NULL_CONVERSION = YES;
				CLANG_WARN_OBJC_IMPLICIT_RETAIN_SELF = YES;
				CLANG_WARN_OBJC_LITERAL_CONVERSION = YES;
				CLANG_WARN_OBJC_ROOT_CLASS = YES_ERROR;
				CLANG_WARN_RANGE_LOOP_ANALYSIS = YES;
				CLANG_WARN_STRICT_PROTOTYPES = YES;
				CLANG_WARN_SUSPICIOUS_MOVE = YES;
				CLANG_WARN_UNGUARDED_AVAILABILITY = YES_AGGRESSIVE;
				CLANG_WARN_UNREACHABLE_CODE = YES;
				CLANG_WARN__DUPLICATE_METHOD_MATCH = YES;
				CODE_SIGN_IDENTITY = "iPhone Developer";
				COPY_PHASE_STRIP = NO;
				DEBUG_INFORMATION_FORMAT = dwarf;
				ENABLE_STRICT_OBJC_MSGSEND = YES;
				ENABLE_TESTABILITY = YES;
				GCC_C_LANGUAGE_STANDARD = gnu11;
				GCC_DYNAMIC_NO_PIC = NO;
				GCC_NO_COMMON_BLOCKS = YES;
				GCC_OPTIMIZATION_LEVEL = 0;
				GCC_PREPROCESSOR_DEFINITIONS = (
					"DEBUG=1",
					"$(inherited)",
				);
				GCC_WARN_64_TO_32_BIT_CONVERSION = YES;
				GCC_WARN_ABOUT_RETURN_TYPE = YES_ERROR;
				GCC_WARN_UNDECLARED_SELECTOR = YES;
				GCC_WARN_UNINITIALIZED_AUTOS = YES_AGGRESSIVE;
				GCC_WARN_UNUSED_FUNCTION = YES;
				GCC_WARN_UNUSED_VARIABLE = YES;
				IPHONEOS_DEPLOYMENT_TARGET = 12.1;
				MTL_ENABLE_DEBUG_INFO = INCLUDE_SOURCE;
				MTL_FAST_MATH = YES;
				ONLY_ACTIVE_ARCH = YES;
				SDKROOT = iphoneos;
				SWIFT_ACTIVE_COMPILATION_CONDITIONS = DEBUG;
				SWIFT_OPTIMIZATION_LEVEL = "-Onone";
			};
			name = Debug;
		};
		84B825C021C2DBA1007944D0 /* Release */ = {
			isa = XCBuildConfiguration;
			buildSettings = {
				ALWAYS_SEARCH_USER_PATHS = NO;
				CLANG_ANALYZER_NONNULL = YES;
				CLANG_ANALYZER_NUMBER_OBJECT_CONVERSION = YES_AGGRESSIVE;
				CLANG_CXX_LANGUAGE_STANDARD = "gnu++14";
				CLANG_CXX_LIBRARY = "libc++";
				CLANG_ENABLE_MODULES = YES;
				CLANG_ENABLE_OBJC_ARC = YES;
				CLANG_ENABLE_OBJC_WEAK = YES;
				CLANG_WARN_BLOCK_CAPTURE_AUTORELEASING = YES;
				CLANG_WARN_BOOL_CONVERSION = YES;
				CLANG_WARN_COMMA = YES;
				CLANG_WARN_CONSTANT_CONVERSION = YES;
				CLANG_WARN_DEPRECATED_OBJC_IMPLEMENTATIONS = YES;
				CLANG_WARN_DIRECT_OBJC_ISA_USAGE = YES_ERROR;
				CLANG_WARN_DOCUMENTATION_COMMENTS = YES;
				CLANG_WARN_EMPTY_BODY = YES;
				CLANG_WARN_ENUM_CONVERSION = YES;
				CLANG_WARN_INFINITE_RECURSION = YES;
				CLANG_WARN_INT_CONVERSION = YES;
				CLANG_WARN_NON_LITERAL_NULL_CONVERSION = YES;
				CLANG_WARN_OBJC_IMPLICIT_RETAIN_SELF = YES;
				CLANG_WARN_OBJC_LITERAL_CONVERSION = YES;
				CLANG_WARN_OBJC_ROOT_CLASS = YES_ERROR;
				CLANG_WARN_RANGE_LOOP_ANALYSIS = YES;
				CLANG_WARN_STRICT_PROTOTYPES = YES;
				CLANG_WARN_SUSPICIOUS_MOVE = YES;
				CLANG_WARN_UNGUARDED_AVAILABILITY = YES_AGGRESSIVE;
				CLANG_WARN_UNREACHABLE_CODE = YES;
				CLANG_WARN__DUPLICATE_METHOD_MATCH = YES;
				CODE_SIGN_IDENTITY = "iPhone Developer";
				COPY_PHASE_STRIP = NO;
				DEBUG_INFORMATION_FORMAT = "dwarf-with-dsym";
				ENABLE_NS_ASSERTIONS = NO;
				ENABLE_STRICT_OBJC_MSGSEND = YES;
				GCC_C_LANGUAGE_STANDARD = gnu11;
				GCC_NO_COMMON_BLOCKS = YES;
				GCC_WARN_64_TO_32_BIT_CONVERSION = YES;
				GCC_WARN_ABOUT_RETURN_TYPE = YES_ERROR;
				GCC_WARN_UNDECLARED_SELECTOR = YES;
				GCC_WARN_UNINITIALIZED_AUTOS = YES_AGGRESSIVE;
				GCC_WARN_UNUSED_FUNCTION = YES;
				GCC_WARN_UNUSED_VARIABLE = YES;
				IPHONEOS_DEPLOYMENT_TARGET = 12.1;
				MTL_ENABLE_DEBUG_INFO = NO;
				MTL_FAST_MATH = YES;
				SDKROOT = iphoneos;
				SWIFT_COMPILATION_MODE = wholemodule;
				SWIFT_OPTIMIZATION_LEVEL = "-O";
				VALIDATE_PRODUCT = YES;
			};
			name = Release;
		};
		84B825C221C2DBA1007944D0 /* Debug */ = {
			isa = XCBuildConfiguration;
			buildSettings = {
				ASSETCATALOG_COMPILER_APPICON_NAME = AppIcon;
				CODE_SIGN_STYLE = Automatic;
				DEVELOPMENT_TEAM = C2642DNP6D;
				INFOPLIST_FILE = SlideMenu/Info.plist;
				IPHONEOS_DEPLOYMENT_TARGET = 12.0;
				LD_RUNPATH_SEARCH_PATHS = (
					"$(inherited)",
					"@executable_path/Frameworks",
				);
				PRODUCT_BUNDLE_IDENTIFIER = com.ios.app.SlideMenu;
				PRODUCT_NAME = "$(TARGET_NAME)";
				SWIFT_VERSION = 4.2;
				TARGETED_DEVICE_FAMILY = "1,2";
			};
			name = Debug;
		};
		84B825C321C2DBA1007944D0 /* Release */ = {
			isa = XCBuildConfiguration;
			buildSettings = {
				ASSETCATALOG_COMPILER_APPICON_NAME = AppIcon;
				CODE_SIGN_STYLE = Automatic;
				DEVELOPMENT_TEAM = C2642DNP6D;
				INFOPLIST_FILE = SlideMenu/Info.plist;
				IPHONEOS_DEPLOYMENT_TARGET = 12.0;
				LD_RUNPATH_SEARCH_PATHS = (
					"$(inherited)",
					"@executable_path/Frameworks",
				);
				PRODUCT_BUNDLE_IDENTIFIER = com.ios.app.SlideMenu;
				PRODUCT_NAME = "$(TARGET_NAME)";
				SWIFT_VERSION = 4.2;
				TARGETED_DEVICE_FAMILY = "1,2";
			};
			name = Release;
		};
		84B825C521C2DBA1007944D0 /* Debug */ = {
			isa = XCBuildConfiguration;
			buildSettings = {
				ALWAYS_EMBED_SWIFT_STANDARD_LIBRARIES = YES;
				BUNDLE_LOADER = "$(TEST_HOST)";
				CODE_SIGN_STYLE = Automatic;
				DEVELOPMENT_TEAM = C2642DNP6D;
				INFOPLIST_FILE = SlideMenuTests/Info.plist;
				LD_RUNPATH_SEARCH_PATHS = (
					"$(inherited)",
					"@executable_path/Frameworks",
					"@loader_path/Frameworks",
				);
				PRODUCT_BUNDLE_IDENTIFIER = com.ios.app.SlideMenuTests;
				PRODUCT_NAME = "$(TARGET_NAME)";
				SWIFT_VERSION = 4.2;
				TARGETED_DEVICE_FAMILY = "1,2";
				TEST_HOST = "$(BUILT_PRODUCTS_DIR)/SlideMenu.app/SlideMenu";
			};
			name = Debug;
		};
		84B825C621C2DBA1007944D0 /* Release */ = {
			isa = XCBuildConfiguration;
			buildSettings = {
				ALWAYS_EMBED_SWIFT_STANDARD_LIBRARIES = YES;
				BUNDLE_LOADER = "$(TEST_HOST)";
				CODE_SIGN_STYLE = Automatic;
				DEVELOPMENT_TEAM = C2642DNP6D;
				INFOPLIST_FILE = SlideMenuTests/Info.plist;
				LD_RUNPATH_SEARCH_PATHS = (
					"$(inherited)",
					"@executable_path/Frameworks",
					"@loader_path/Frameworks",
				);
				PRODUCT_BUNDLE_IDENTIFIER = com.ios.app.SlideMenuTests;
				PRODUCT_NAME = "$(TARGET_NAME)";
				SWIFT_VERSION = 4.2;
				TARGETED_DEVICE_FAMILY = "1,2";
				TEST_HOST = "$(BUILT_PRODUCTS_DIR)/SlideMenu.app/SlideMenu";
			};
			name = Release;
		};
		84B825C821C2DBA1007944D0 /* Debug */ = {
			isa = XCBuildConfiguration;
			buildSettings = {
				ALWAYS_EMBED_SWIFT_STANDARD_LIBRARIES = YES;
				CODE_SIGN_STYLE = Automatic;
				DEVELOPMENT_TEAM = C2642DNP6D;
				INFOPLIST_FILE = SlideMenuUITests/Info.plist;
				LD_RUNPATH_SEARCH_PATHS = (
					"$(inherited)",
					"@executable_path/Frameworks",
					"@loader_path/Frameworks",
				);
				PRODUCT_BUNDLE_IDENTIFIER = com.ios.app.SlideMenuUITests;
				PRODUCT_NAME = "$(TARGET_NAME)";
				SWIFT_VERSION = 4.2;
				TARGETED_DEVICE_FAMILY = "1,2";
				TEST_TARGET_NAME = SlideMenu;
			};
			name = Debug;
		};
		84B825C921C2DBA1007944D0 /* Release */ = {
			isa = XCBuildConfiguration;
			buildSettings = {
				ALWAYS_EMBED_SWIFT_STANDARD_LIBRARIES = YES;
				CODE_SIGN_STYLE = Automatic;
				DEVELOPMENT_TEAM = C2642DNP6D;
				INFOPLIST_FILE = SlideMenuUITests/Info.plist;
				LD_RUNPATH_SEARCH_PATHS = (
					"$(inherited)",
					"@executable_path/Frameworks",
					"@loader_path/Frameworks",
				);
				PRODUCT_BUNDLE_IDENTIFIER = com.ios.app.SlideMenuUITests;
				PRODUCT_NAME = "$(TARGET_NAME)";
				SWIFT_VERSION = 4.2;
				TARGETED_DEVICE_FAMILY = "1,2";
				TEST_TARGET_NAME = SlideMenu;
			};
			name = Release;
		};
/* End XCBuildConfiguration section */

/* Begin XCConfigurationList section */
		84B8259121C2DB9D007944D0 /* Build configuration list for PBXProject "SlideMenu" */ = {
			isa = XCConfigurationList;
			buildConfigurations = (
				84B825BF21C2DBA1007944D0 /* Debug */,
				84B825C021C2DBA1007944D0 /* Release */,
			);
			defaultConfigurationIsVisible = 0;
			defaultConfigurationName = Release;
		};
		84B825C121C2DBA1007944D0 /* Build configuration list for PBXNativeTarget "SlideMenu" */ = {
			isa = XCConfigurationList;
			buildConfigurations = (
				84B825C221C2DBA1007944D0 /* Debug */,
				84B825C321C2DBA1007944D0 /* Release */,
			);
			defaultConfigurationIsVisible = 0;
			defaultConfigurationName = Release;
		};
		84B825C421C2DBA1007944D0 /* Build configuration list for PBXNativeTarget "SlideMenuTests" */ = {
			isa = XCConfigurationList;
			buildConfigurations = (
				84B825C521C2DBA1007944D0 /* Debug */,
				84B825C621C2DBA1007944D0 /* Release */,
			);
			defaultConfigurationIsVisible = 0;
			defaultConfigurationName = Release;
		};
		84B825C721C2DBA1007944D0 /* Build configuration list for PBXNativeTarget "SlideMenuUITests" */ = {
			isa = XCConfigurationList;
			buildConfigurations = (
				84B825C821C2DBA1007944D0 /* Debug */,
				84B825C921C2DBA1007944D0 /* Release */,
			);
			defaultConfigurationIsVisible = 0;
			defaultConfigurationName = Release;
		};
/* End XCConfigurationList section */

/* Begin XCVersionGroup section */
		84B825A021C2DB9D007944D0 /* SlideMenu.xcdatamodeld */ = {
			isa = XCVersionGroup;
			children = (
				84B825A121C2DB9D007944D0 /* SlideMenu.xcdatamodel */,
			);
			currentVersion = 84B825A121C2DB9D007944D0 /* SlideMenu.xcdatamodel */;
			path = SlideMenu.xcdatamodeld;
			sourceTree = "<group>";
			versionGroupType = wrapper.xcdatamodel;
		};
/* End XCVersionGroup section */
	};
	rootObject = 84B8258E21C2DB9D007944D0 /* Project object */;
}
